PODS:
  - TYCyclePagerView (1.1.0)

DEPENDENCIES:
  - TYCyclePagerView

SPEC REPOS:
  https://github.com/CocoaPods/Specs.git:
    - TYCyclePagerView

SPEC CHECKSUMS:
  TYCyclePagerView: b70858c9b5d0e80e1e3129ff5ceb027eb0f76d44

PODFILE CHECKSUM: 01fea2dc390f206069dcd839984d62c6b39a6f3c

COCOAPODS: 1.5.0
